
Microsoft Visual Studio Solution File, Format Version 12.00
# Visual Studio Version 16
VisualStudioVersion = 16.0.30621.155
MinimumVisualStudioVersion = 10.0.40219.1
Project("{FAE04EC0-301F-11D3-BF4B-00C04F79EFBC}") = "ChatAPI", "ChatAPI.csproj", "{369ED09F-C53C-4BB7-B8E2-7653FC336B74}"
EndProject
Global
	GlobalSection(SolutionConfigurationPlatforms) = preSolution
		Debug|Any CPU = Debug|Any CPU
		Release|Any CPU = Release|Any CPU
	EndGlobalSection
	GlobalSection(ProjectConfigurationPlatforms) = postSolution
		{369ED09F-C53C-4BB7-B8E2-7653FC336B74}.Debug|Any CPU.ActiveCfg = Debug|Any CPU
		{369ED09F-C53C-4BB7-B8E2-7653FC336B74}.Debug|Any CPU.Build.0 = Debug|Any CPU
		{369ED09F-C53C-4BB7-B8E2-7653FC336B74}.Release|Any CPU.ActiveCfg = Release|Any CPU
		{369ED09F-C53C-4BB7-B8E2-7653FC336B74}.Release|Any CPU.Build.0 = Release|Any CPU
	EndGlobalSection
	GlobalSection(SolutionProperties) = preSolution
		HideSolutionNode = FALSE
	EndGlobalSection
	GlobalSection(ExtensibilityGlobals) = postSolution
		SolutionGuid = {C2DA2A16-DB85-47B4-B849-DD151FD53FAC}
	EndGlobalSection
EndGlobal
